// !$*UTF8*$!
{
	archiveVersion = 1;
	classes = {
	};
	objectVersion = 46;
	objects = {

/* Begin PBXBuildFile section */
		026D3EC21E5A535D0045D5C1 /* SnapListViewController.swift in Sources */ = {isa = PBXBuildFile; fileRef = 026D3EC11E5A535D0045D5C1 /* SnapListViewController.swift */; };
		02C3905E1E585A6000D7FFDD /* GoogleService-Info.plist in Resources */ = {isa = PBXBuildFile; fileRef = 02C3905D1E585A6000D7FFDD /* GoogleService-Info.plist */; };
		02C390601E5861DF00D7FFDD /* SignInViewController.swift in Sources */ = {isa = PBXBuildFile; fileRef = 02C3905F1E5861DF00D7FFDD /* SignInViewController.swift */; };
		02CD861F1E5A610800CBFDF7 /* PictureViewController.swift in Sources */ = {isa = PBXBuildFile; fileRef = 02CD861E1E5A610800CBFDF7 /* PictureViewController.swift */; };
		02CD86211E5D532500CBFDF7 /* SelectFriendViewController.swift in Sources */ = {isa = PBXBuildFile; fileRef = 02CD86201E5D532500CBFDF7 /* SelectFriendViewController.swift */; };
		02CD86231E5E49A200CBFDF7 /* User.swift in Sources */ = {isa = PBXBuildFile; fileRef = 02CD86221E5E49A200CBFDF7 /* User.swift */; };
		02CD86261E5EFDD200CBFDF7 /* Snap.swift in Sources */ = {isa = PBXBuildFile; fileRef = 02CD86251E5EFDD200CBFDF7 /* Snap.swift */; };
		02CD86281E5F05D200CBFDF7 /* ViewSnapViewController.swift in Sources */ = {isa = PBXBuildFile; fileRef = 02CD86271E5F05D200CBFDF7 /* ViewSnapViewController.swift */; };
		02E5D2B21E57DB1000065D8B /* AppDelegate.swift in Sources */ = {isa = PBXBuildFile; fileRef = 02E5D2B11E57DB1000065D8B /* AppDelegate.swift */; };
		02E5D2B71E57DB1000065D8B /* Main.storyboard in Resources */ = {isa = PBXBuildFile; fileRef = 02E5D2B51E57DB1000065D8B /* Main.storyboard */; };
		02E5D2B91E57DB1000065D8B /* Assets.xcassets in Resources */ = {isa = PBXBuildFile; fileRef = 02E5D2B81E57DB1000065D8B /* Assets.xcassets */; };
		02E5D2BC1E57DB1000065D8B /* LaunchScreen.storyboard in Resources */ = {isa = PBXBuildFile; fileRef = 02E5D2BA1E57DB1000065D8B /* LaunchScreen.storyboard */; };
		2FF4B1A62DB06B7648C56901 /* Pods_Snap.framework in Frameworks */ = {isa = PBXBuildFile; fileRef = 087A6B055D1A7EBE635A368B /* Pods_Snap.framework */; };
/* End PBXBuildFile section */

/* Begin PBXFileReference section */
		026D3EC01E594B7D0045D5C1 /* Snap.entitlements */ = {isa = PBXFileReference; lastKnownFileType = text.plist.entitlements; path = Snap.entitlements; sourceTree = "<group>"; };
		026D3EC11E5A535D0045D5C1 /* SnapListViewController.swift */ = {isa = PBXFileReference; fileEncoding = 4; lastKnownFileType = sourcecode.swift; path = SnapListViewController.swift; sourceTree = "<group>"; };
		02C3905D1E585A6000D7FFDD /* GoogleService-Info.plist */ = {isa = PBXFileReference; fileEncoding = 4; lastKnownFileType = text.plist.xml; path = "GoogleService-Info.plist"; sourceTree = "<group>"; };
		02C3905F1E5861DF00D7FFDD /* SignInViewController.swift */ = {isa = PBXFileReference; fileEncoding = 4; lastKnownFileType = sourcecode.swift; path = SignInViewController.swift; sourceTree = "<group>"; };
		02CD861E1E5A610800CBFDF7 /* PictureViewController.swift */ = {isa = PBXFileReference; fileEncoding = 4; lastKnownFileType = sourcecode.swift; path = PictureViewController.swift; sourceTree = "<group>"; };
		02CD86201E5D532500CBFDF7 /* SelectFriendViewController.swift */ = {isa = PBXFileReference; fileEncoding = 4; lastKnownFileType = sourcecode.swift; path = SelectFriendViewController.swift; sourceTree = "<group>"; };
		02CD86221E5E49A200CBFDF7 /* User.swift */ = {isa = PBXFileReference; fileEncoding = 4; lastKnownFileType = sourcecode.swift; path = User.swift; sourceTree = "<group>"; };
		02CD86251E5EFDD200CBFDF7 /* Snap.swift */ = {isa = PBXFileReference; fileEncoding = 4; lastKnownFileType = sourcecode.swift; path = Snap.swift; sourceTree = "<group>"; };
		02CD86271E5F05D200CBFDF7 /* ViewSnapViewController.swift */ = {isa = PBXFileReference; fileEncoding = 4; lastKnownFileType = sourcecode.swift; path = ViewSnapViewController.swift; sourceTree = "<group>"; };
		02E5D2AE1E57DB1000065D8B /* Snap.app */ = {isa = PBXFileReference; explicitFileType = wrapper.application; includeInIndex = 0; path = Snap.app; sourceTree = BUILT_PRODUCTS_DIR; };
		02E5D2B11E57DB1000065D8B /* AppDelegate.swift */ = {isa = PBXFileReference; lastKnownFileType = sourcecode.swift; path = AppDelegate.swift; sourceTree = "<group>"; };
		02E5D2B61E57DB1000065D8B /* Base */ = {isa = PBXFileReference; lastKnownFileType = file.storyboard; name = Base; path = Base.lproj/Main.storyboard; sourceTree = "<group>"; };
		02E5D2B81E57DB1000065D8B /* Assets.xcassets */ = {isa = PBXFileReference; lastKnownFileType = folder.assetcatalog; path = Assets.xcassets; sourceTree = "<group>"; };
		02E5D2BB1E57DB1000065D8B /* Base */ = {isa = PBXFileReference; lastKnownFileType = file.storyboard; name = Base; path = Base.lproj/LaunchScreen.storyboard; sourceTree = "<group>"; };
		02E5D2BD1E57DB1000065D8B /* Info.plist */ = {isa = PBXFileReference; lastKnownFileType = text.plist.xml; path = Info.plist; sourceTree = "<group>"; };
		087A6B055D1A7EBE635A368B /* Pods_Snap.framework */ = {isa = PBXFileReference; explicitFileType = wrapper.framework; includeInIndex = 0; path = Pods_Snap.framework; sourceTree = BUILT_PRODUCTS_DIR; };
		1ED7599704A8B5A644E9306C /* Pods-Snap.release.xcconfig */ = {isa = PBXFileReference; includeInIndex = 1; lastKnownFileType = text.xcconfig; name = "Pods-Snap.release.xcconfig"; path = "Pods/Target Support Files/Pods-Snap/Pods-Snap.release.xcconfig"; sourceTree = "<group>"; };
		EB7F8C724FD8DE2C0C211C48 /* Pods-Snap.debug.xcconfig */ = {isa = PBXFileReference; includeInIndex = 1; lastKnownFileType = text.xcconfig; name = "Pods-Snap.debug.xcconfig"; path = "Pods/Target Support Files/Pods-Snap/Pods-Snap.debug.xcconfig"; sourceTree = "<group>"; };
/* End PBXFileReference section */

/* Begin PBXFrameworksBuildPhase section */
		02E5D2AB1E57DB1000065D8B /* Frameworks */ = {
			isa = PBXFrameworksBuildPhase;
			buildActionMask = 2147483647;
			files = (
				2FF4B1A62DB06B7648C56901 /* Pods_Snap.framework in Frameworks */,
			);
			runOnlyForDeploymentPostprocessing = 0;
		};
/* End PBXFrameworksBuildPhase section */

/* Begin PBXGroup section */
		02CD86241E5E49F300CBFDF7 /* Model */ = {
			isa = PBXGroup;
			children = (
				02CD86221E5E49A200CBFDF7 /* User.swift */,
				02CD86251E5EFDD200CBFDF7 /* Snap.swift */,
			);
			name = Model;
			sourceTree = "<group>";
		};
		02E5D2A51E57DB1000065D8B = {
			isa = PBXGroup;
			children = (
				02E5D2B01E57DB1000065D8B /* Snap */,
				02E5D2C31E57DBA500065D8B /* Supporting */,
				02E5D2AF1E57DB1000065D8B /* Products */,
				8D05E577310EFF7627AB67EB /* Pods */,
				2CB84181C0D256DFEB3EDA82 /* Frameworks */,
			);
			sourceTree = "<group>";
		};
		02E5D2AF1E57DB1000065D8B /* Products */ = {
			isa = PBXGroup;
			children = (
				02E5D2AE1E57DB1000065D8B /* Snap.app */,
			);
			name = Products;
			sourceTree = "<group>";
		};
		02E5D2B01E57DB1000065D8B /* Snap */ = {
			isa = PBXGroup;
			children = (
				026D3EC01E594B7D0045D5C1 /* Snap.entitlements */,
				02CD86241E5E49F300CBFDF7 /* Model */,
				02E5D2C41E57DBBD00065D8B /* View */,
				02E5D2C51E57DBC600065D8B /* Controllers */,
			);
			path = Snap;
			sourceTree = "<group>";
		};
		02E5D2C31E57DBA500065D8B /* Supporting */ = {
			isa = PBXGroup;
			children = (
				02E5D2B11E57DB1000065D8B /* AppDelegate.swift */,
				02E5D2B81E57DB1000065D8B /* Assets.xcassets */,
				02E5D2BA1E57DB1000065D8B /* LaunchScreen.storyboard */,
				02E5D2BD1E57DB1000065D8B /* Info.plist */,
				02C3905D1E585A6000D7FFDD /* GoogleService-Info.plist */,
			);
			name = Supporting;
			path = Snap;
			sourceTree = "<group>";
		};
		02E5D2C41E57DBBD00065D8B /* View */ = {
			isa = PBXGroup;
			children = (
				02E5D2B51E57DB1000065D8B /* Main.storyboard */,
			);
			name = View;
			sourceTree = "<group>";
		};
		02E5D2C51E57DBC600065D8B /* Controllers */ = {
			isa = PBXGroup;
			children = (
				02C3905F1E5861DF00D7FFDD /* SignInViewController.swift */,
				026D3EC11E5A535D0045D5C1 /* SnapListViewController.swift */,
				02CD861E1E5A610800CBFDF7 /* PictureViewController.swift */,
				02CD86201E5D532500CBFDF7 /* SelectFriendViewController.swift */,
				02CD86271E5F05D200CBFDF7 /* ViewSnapViewController.swift */,
			);
			name = Controllers;
			sourceTree = "<group>";
		};
		2CB84181C0D256DFEB3EDA82 /* Frameworks */ = {
			isa = PBXGroup;
			children = (
				087A6B055D1A7EBE635A368B /* Pods_Snap.framework */,
			);
			name = Frameworks;
			sourceTree = "<group>";
		};
		8D05E577310EFF7627AB67EB /* Pods */ = {
			isa = PBXGroup;
			children = (
				EB7F8C724FD8DE2C0C211C48 /* Pods-Snap.debug.xcconfig */,
				1ED7599704A8B5A644E9306C /* Pods-Snap.release.xcconfig */,
			);
			name = Pods;
			sourceTree = "<group>";
		};
/* End PBXGroup section */

/* Begin PBXNativeTarget section */
		02E5D2AD1E57DB1000065D8B /* Snap */ = {
			isa = PBXNativeTarget;
			buildConfigurationList = 02E5D2C01E57DB1000065D8B /* Build configuration list for PBXNativeTarget "Snap" */;
			buildPhases = (
				5166CB36214B12FA17CBD608 /* [CP] Check Pods Manifest.lock */,
				02E5D2AA1E57DB1000065D8B /* Sources */,
				02E5D2AB1E57DB1000065D8B /* Frameworks */,
				02E5D2AC1E57DB1000065D8B /* Resources */,
				CB305F7495CDB916891EBB58 /* [CP] Embed Pods Frameworks */,
				7184538A39406B3E359D3B09 /* [CP] Copy Pods Resources */,
			);
			buildRules = (
			);
			dependencies = (
			);
			name = Snap;
			productName = Snap;
			productReference = 02E5D2AE1E57DB1000065D8B /* Snap.app */;
			productType = "com.apple.product-type.application";
		};
/* End PBXNativeTarget section */

/* Begin PBXProject section */
		02E5D2A61E57DB1000065D8B /* Project object */ = {
			isa = PBXProject;
			attributes = {
				LastSwiftUpdateCheck = 0820;
				LastUpgradeCheck = 0820;
				ORGANIZATIONNAME = "Logan Caracci";
				TargetAttributes = {
					02E5D2AD1E57DB1000065D8B = {
						CreatedOnToolsVersion = 8.2.1;
						DevelopmentTeam = 895GDJN9HY;
						ProvisioningStyle = Automatic;
						SystemCapabilities = {
							com.apple.Keychain = {
								enabled = 1;
							};
						};
					};
				};
			};
			buildConfigurationList = 02E5D2A91E57DB1000065D8B /* Build configuration list for PBXProject "Snap" */;
			compatibilityVersion = "Xcode 3.2";
			developmentRegion = English;
			hasScannedForEncodings = 0;
			knownRegions = (
				en,
				Base,
			);
			mainGroup = 02E5D2A51E57DB1000065D8B;
			productRefGroup = 02E5D2AF1E57DB1000065D8B /* Products */;
			projectDirPath = "";
			projectRoot = "";
			targets = (
				02E5D2AD1E57DB1000065D8B /* Snap */,
			);
		};
/* End PBXProject section */

/* Begin PBXResourcesBuildPhase section */
		02E5D2AC1E57DB1000065D8B /* Resources */ = {
			isa = PBXResourcesBuildPhase;
			buildActionMask = 2147483647;
			files = (
				02E5D2BC1E57DB1000065D8B /* LaunchScreen.storyboard in Resources */,
				02C3905E1E585A6000D7FFDD /* GoogleService-Info.plist in Resources */,
				02E5D2B91E57DB1000065D8B /* Assets.xcassets in Resources */,
				02E5D2B71E57DB1000065D8B /* Main.storyboard in Resources */,
			);
			runOnlyForDeploymentPostprocessing = 0;
		};
/* End PBXResourcesBuildPhase section */

/* Begin PBXShellScriptBuildPhase section */
		5166CB36214B12FA17CBD608 /* [CP] Check Pods Manifest.lock */ = {
			isa = PBXShellScriptBuildPhase;
			buildActionMask = 2147483647;
			files = (
			);
			inputPaths = (
			);
			name = "[CP] Check Pods Manifest.lock";
			outputPaths = (
			);
			runOnlyForDeploymentPostprocessing = 0;
			shellPath = /bin/sh;
			shellScript = "diff \"${PODS_ROOT}/../Podfile.lock\" \"${PODS_ROOT}/Manifest.lock\" > /dev/null\nif [ $? != 0 ] ; then\n    # print error to STDERR\n    echo \"error: The sandbox is not in sync with the Podfile.lock. Run 'pod install' or update your CocoaPods installation.\" >&2\n    exit 1\nfi\n";
			showEnvVarsInLog = 0;
		};
		7184538A39406B3E359D3B09 /* [CP] Copy Pods Resources */ = {
			isa = PBXShellScriptBuildPhase;
			buildActionMask = 2147483647;
			files = (
			);
			inputPaths = (
			);
			name = "[CP] Copy Pods Resources";
			outputPaths = (
			);
			runOnlyForDeploymentPostprocessing = 0;
			shellPath = /bin/sh;
			shellScript = "\"${SRCROOT}/Pods/Target Support Files/Pods-Snap/Pods-Snap-resources.sh\"\n";
			showEnvVarsInLog = 0;
		};
		CB305F7495CDB916891EBB58 /* [CP] Embed Pods Frameworks */ = {
			isa = PBXShellScriptBuildPhase;
			buildActionMask = 2147483647;
			files = (
			);
			inputPaths = (
			);
			name = "[CP] Embed Pods Frameworks";
			outputPaths = (
			);
			runOnlyForDeploymentPostprocessing = 0;
			shellPath = /bin/sh;
			shellScript = "\"${SRCROOT}/Pods/Target Support Files/Pods-Snap/Pods-Snap-frameworks.sh\"\n";
			showEnvVarsInLog = 0;
		};
/* End PBXShellScriptBuildPhase section */

/* Begin PBXSourcesBuildPhase section */
		02E5D2AA1E57DB1000065D8B /* Sources */ = {
			isa = PBXSourcesBuildPhase;
			buildActionMask = 2147483647;
			files = (
				02C390601E5861DF00D7FFDD /* SignInViewController.swift in Sources */,
				02CD861F1E5A610800CBFDF7 /* PictureViewController.swift in Sources */,
				02CD86231E5E49A200CBFDF7 /* User.swift in Sources */,
				02CD86281E5F05D200CBFDF7 /* ViewSnapViewController.swift in Sources */,
				026D3EC21E5A535D0045D5C1 /* SnapListViewController.swift in Sources */,
				02CD86261E5EFDD200CBFDF7 /* Snap.swift in Sources */,
				02CD86211E5D532500CBFDF7 /* SelectFriendViewController.swift in Sources */,
				02E5D2B21E57DB1000065D8B /* AppDelegate.swift in Sources */,
			);
			runOnlyForDeploymentPostprocessing = 0;
		};
/* End PBXSourcesBuildPhase section */

/* Begin PBXVariantGroup section */
		02E5D2B51E57DB1000065D8B /* Main.storyboard */ = {
			isa = PBXVariantGroup;
			children = (
				02E5D2B61E57DB1000065D8B /* Base */,
			);
			name = Main.storyboard;
			sourceTree = "<group>";
		};
		02E5D2BA1E57DB1000065D8B /* LaunchScreen.storyboard */ = {
			isa = PBXVariantGroup;
			children = (
				02E5D2BB1E57DB1000065D8B /* Base */,
			);
			name = LaunchScreen.storyboard;
			sourceTree = "<group>";
		};
/* End PBXVariantGroup section */

/* Begin XCBuildConfiguration section */
		02E5D2BE1E57DB1000065D8B /* Debug */ = {
			isa = XCBuildConfiguration;
			buildSettings = {
				ALWAYS_SEARCH_USER_PATHS = NO;
				CLANG_ANALYZER_NONNULL = YES;
				CLANG_CXX_LANGUAGE_STANDARD = "gnu++0x";
				CLANG_CXX_LIBRARY = "libc++";
				CLANG_ENABLE_MODULES = YES;
				CLANG_ENABLE_OBJC_ARC = YES;
				CLANG_WARN_BOOL_CONVERSION = YES;
				CLANG_WARN_CONSTANT_CONVERSION = YES;
				CLANG_WARN_DIRECT_OBJC_ISA_USAGE = YES_ERROR;
				CLANG_WARN_DOCUMENTATION_COMMENTS = YES;
				CLANG_WARN_EMPTY_BODY = YES;
				CLANG_WARN_ENUM_CONVERSION = YES;
				CLANG_WARN_INFINITE_RECURSION = YES;
				CLANG_WARN_INT_CONVERSION = YES;
				CLANG_WARN_OBJC_ROOT_CLASS = YES_ERROR;
				CLANG_WARN_SUSPICIOUS_MOVE = YES;
				CLANG_WARN_UNREACHABLE_CODE = YES;
				CLANG_WARN__DUPLICATE_METHOD_MATCH = YES;
				"CODE_SIGN_IDENTITY[sdk=iphoneos*]" = "iPhone Developer";
				COPY_PHASE_STRIP = NO;
				DEBUG_INFORMATION_FORMAT = dwarf;
				ENABLE_STRICT_OBJC_MSGSEND = YES;
				ENABLE_TESTABILITY = YES;
				GCC_C_LANGUAGE_STANDARD = gnu99;
				GCC_DYNAMIC_NO_PIC = NO;
				GCC_NO_COMMON_BLOCKS = YES;
				GCC_OPTIMIZATION_LEVEL = 0;
				GCC_PREPROCESSOR_DEFINITIONS = (
					"DEBUG=1",
					"$(inherited)",
				);
				GCC_WARN_64_TO_32_BIT_CONVERSION = YES;
				GCC_WARN_ABOUT_RETURN_TYPE = YES_ERROR;
				GCC_WARN_UNDECLARED_SELECTOR = YES;
				GCC_WARN_UNINITIALIZED_AUTOS = YES_AGGRESSIVE;
				GCC_WARN_UNUSED_FUNCTION = YES;
				GCC_WARN_UNUSED_VARIABLE = YES;
				IPHONEOS_DEPLOYMENT_TARGET = 10.2;
				MTL_ENABLE_DEBUG_INFO = YES;
				ONLY_ACTIVE_ARCH = YES;
				SDKROOT = iphoneos;
				SWIFT_ACTIVE_COMPILATION_CONDITIONS = DEBUG;
				SWIFT_OPTIMIZATION_LEVEL = "-Onone";
				TARGETED_DEVICE_FAMILY = "1,2";
			};
			name = Debug;
		};
		02E5D2BF1E57DB1000065D8B /* Release */ = {
			isa = XCBuildConfiguration;
			buildSettings = {
				ALWAYS_SEARCH_USER_PATHS = NO;
				CLANG_ANALYZER_NONNULL = YES;
				CLANG_CXX_LANGUAGE_STANDARD = "gnu++0x";
				CLANG_CXX_LIBRARY = "libc++";
				CLANG_ENABLE_MODULES = YES;
				CLANG_ENABLE_OBJC_ARC = YES;
				CLANG_WARN_BOOL_CONVERSION = YES;
				CLANG_WARN_CONSTANT_CONVERSION = YES;
				CLANG_WARN_DIRECT_OBJC_ISA_USAGE = YES_ERROR;
				CLANG_WARN_DOCUMENTATION_COMMENTS = YES;
				CLANG_WARN_EMPTY_BODY = YES;
				CLANG_WARN_ENUM_CONVERSION = YES;
				CLANG_WARN_INFINITE_RECURSION = YES;
				CLANG_WARN_INT_CONVERSION = YES;
				CLANG_WARN_OBJC_ROOT_CLASS = YES_ERROR;
				CLANG_WARN_SUSPICIOUS_MOVE = YES;
				CLANG_WARN_UNREACHABLE_CODE = YES;
				CLANG_WARN__DUPLICATE_METHOD_MATCH = YES;
				"CODE_SIGN_IDENTITY[sdk=iphoneos*]" = "iPhone Developer";
				COPY_PHASE_STRIP = NO;
				DEBUG_INFORMATION_FORMAT = "dwarf-with-dsym";
				ENABLE_NS_ASSERTIONS = NO;
				ENABLE_STRICT_OBJC_MSGSEND = YES;
				GCC_C_LANGUAGE_STANDARD = gnu99;
				GCC_NO_COMMON_BLOCKS = YES;
				GCC_WARN_64_TO_32_BIT_CONVERSION = YES;
				GCC_WARN_ABOUT_RETURN_TYPE = YES_ERROR;
				GCC_WARN_UNDECLARED_SELECTOR = YES;
				GCC_WARN_UNINITIALIZED_AUTOS = YES_AGGRESSIVE;
				GCC_WARN_UNUSED_FUNCTION = YES;
				GCC_WARN_UNUSED_VARIABLE = YES;
				IPHONEOS_DEPLOYMENT_TARGET = 10.2;
				MTL_ENABLE_DEBUG_INFO = NO;
				SDKROOT = iphoneos;
				SWIFT_OPTIMIZATION_LEVEL = "-Owholemodule";
				TARGETED_DEVICE_FAMILY = "1,2";
				VALIDATE_PRODUCT = YES;
			};
			name = Release;
		};
		02E5D2C11E57DB1000065D8B /* Debug */ = {
			isa = XCBuildConfiguration;
			baseConfigurationReference = EB7F8C724FD8DE2C0C211C48 /* Pods-Snap.debug.xcconfig */;
			buildSettings = {
				ASSETCATALOG_COMPILER_APPICON_NAME = AppIcon;
				CODE_SIGN_ENTITLEMENTS = Snap/Snap.entitlements;
				DEVELOPMENT_TEAM = 895GDJN9HY;
				INFOPLIST_FILE = Snap/Info.plist;
				LD_RUNPATH_SEARCH_PATHS = "$(inherited) @executable_path/Frameworks";
				PRODUCT_BUNDLE_IDENTIFIER = OxyMoron.Snap;
				PRODUCT_NAME = "$(TARGET_NAME)";
				SWIFT_VERSION = 3.0;
			};
			name = Debug;
		};
		02E5D2C21E57DB1000065D8B /* Release */ = {
			isa = XCBuildConfiguration;
			baseConfigurationReference = 1ED7599704A8B5A644E9306C /* Pods-Snap.release.xcconfig */;
			buildSettings = {
				ASSETCATALOG_COMPILER_APPICON_NAME = AppIcon;
				CODE_SIGN_ENTITLEMENTS = Snap/Snap.entitlements;
				DEVELOPMENT_TEAM = 895GDJN9HY;
				INFOPLIST_FILE = Snap/Info.plist;
				LD_RUNPATH_SEARCH_PATHS = "$(inherited) @executable_path/Frameworks";
				PRODUCT_BUNDLE_IDENTIFIER = OxyMoron.Snap;
				PRODUCT_NAME = "$(TARGET_NAME)";
				SWIFT_VERSION = 3.0;
			};
			name = Release;
		};
/* End XCBuildConfiguration section */

/* Begin XCConfigurationList section */
		02E5D2A91E57DB1000065D8B /* Build configuration list for PBXProject "Snap" */ = {
			isa = XCConfigurationList;
			buildConfigurations = (
				02E5D2BE1E57DB1000065D8B /* Debug */,
				02E5D2BF1E57DB1000065D8B /* Release */,
			);
			defaultConfigurationIsVisible = 0;
			defaultConfigurationName = Release;
		};
		02E5D2C01E57DB1000065D8B /* Build configuration list for PBXNativeTarget "Snap" */ = {
			isa = XCConfigurationList;
			buildConfigurations = (
				02E5D2C11E57DB1000065D8B /* Debug */,
				02E5D2C21E57DB1000065D8B /* Release */,
			);
			defaultConfigurationIsVisible = 0;
			defaultConfigurationName = Release;
		};
/* End XCConfigurationList section */
	};
	rootObject = 02E5D2A61E57DB1000065D8B /* Project object */;
}
